
Microsoft Visual Studio Solution File, Format Version 12.00
# Visual Studio Version 17
VisualStudioVersion = 17.7.34221.43
MinimumVisualStudioVersion = 10.0.40219.1
Project("{9A19103F-16F7-4668-BE54-9A1E7A4F7556}") = "GeneticTAP", "GeneticTAP.csproj", "{5E58C99F-C74B-49E3-B4D9-30DDB2FE3A17}"
EndProject
Project("{FAE04EC0-301F-11D3-BF4B-00C04F79EFBC}") = "GeneticTAP.Tests", "..\GeneticTAP.Tests\GeneticTAP.Tests.csproj", "{E96A3E0B-A2FE-4B0E-9B64-320A825B8761}"
	ProjectSection(ProjectDependencies) = postProject
		{5E58C99F-C74B-49E3-B4D9-30DDB2FE3A17} = {5E58C99F-C74B-49E3-B4D9-30DDB2FE3A17}
	EndProjectSection
EndProject
Global
	GlobalSection(SolutionConfigurationPlatforms) = preSolution
		Debug|Any CPU = Debug|Any CPU
		Release|Any CPU = Release|Any CPU
		ReleaseWithTests|Any CPU = ReleaseWithTests|Any CPU
	EndGlobalSection
	GlobalSection(ProjectConfigurationPlatforms) = postSolution
		{5E58C99F-C74B-49E3-B4D9-30DDB2FE3A17}.Debug|Any CPU.ActiveCfg = Debug|Any CPU
		{5E58C99F-C74B-49E3-B4D9-30DDB2FE3A17}.Debug|Any CPU.Build.0 = Debug|Any CPU
		{5E58C99F-C74B-49E3-B4D9-30DDB2FE3A17}.Release|Any CPU.ActiveCfg = Release|Any CPU
		{5E58C99F-C74B-49E3-B4D9-30DDB2FE3A17}.Release|Any CPU.Build.0 = Release|Any CPU
		{5E58C99F-C74B-49E3-B4D9-30DDB2FE3A17}.ReleaseWithTests|Any CPU.ActiveCfg = ReleaseWithTests|Any CPU
		{5E58C99F-C74B-49E3-B4D9-30DDB2FE3A17}.ReleaseWithTests|Any CPU.Build.0 = ReleaseWithTests|Any CPU
		{E96A3E0B-A2FE-4B0E-9B64-320A825B8761}.Debug|Any CPU.ActiveCfg = Debug|Any CPU
		{E96A3E0B-A2FE-4B0E-9B64-320A825B8761}.Debug|Any CPU.Build.0 = Debug|Any CPU
		{E96A3E0B-A2FE-4B0E-9B64-320A825B8761}.Release|Any CPU.ActiveCfg = Release|Any CPU
		{E96A3E0B-A2FE-4B0E-9B64-320A825B8761}.ReleaseWithTests|Any CPU.ActiveCfg = ReleaseWithTests|Any CPU
		{E96A3E0B-A2FE-4B0E-9B64-320A825B8761}.ReleaseWithTests|Any CPU.Build.0 = ReleaseWithTests|Any CPU
	EndGlobalSection
	GlobalSection(SolutionProperties) = preSolution
		HideSolutionNode = FALSE
	EndGlobalSection
	GlobalSection(ExtensibilityGlobals) = postSolution
		SolutionGuid = {E492635B-FB96-4B76-A12B-729DDDA74FE9}
	EndGlobalSection
EndGlobal
