
Microsoft Visual Studio Solution File, Format Version 12.00
# Visual Studio Version 17
VisualStudioVersion = 17.7.34221.43
MinimumVisualStudioVersion = 10.0.40219.1
Project("{9A19103F-16F7-4668-BE54-9A1E7A4F7556}") = "GeneticTAP", "src\GeneticTAP.csproj", "{DEC6D7C6-0812-422E-A0F6-AD73B7A14316}"
EndProject
Project("{9A19103F-16F7-4668-BE54-9A1E7A4F7556}") = "GeneticTAP.Tests", "test\GeneticTAP.Tests.csproj", "{24F2CF0E-3BC1-4C41-A181-55C9DF3FA5FD}"
EndProject
Global
	GlobalSection(SolutionConfigurationPlatforms) = preSolution
		Debug|Any CPU = Debug|Any CPU
		Release|Any CPU = Release|Any CPU
	EndGlobalSection
	GlobalSection(ProjectConfigurationPlatforms) = postSolution
		{DEC6D7C6-0812-422E-A0F6-AD73B7A14316}.Debug|Any CPU.ActiveCfg = Debug|Any CPU
		{DEC6D7C6-0812-422E-A0F6-AD73B7A14316}.Debug|Any CPU.Build.0 = Debug|Any CPU
		{DEC6D7C6-0812-422E-A0F6-AD73B7A14316}.Release|Any CPU.ActiveCfg = Release|Any CPU
		{DEC6D7C6-0812-422E-A0F6-AD73B7A14316}.Release|Any CPU.Build.0 = Release|Any CPU
		{24F2CF0E-3BC1-4C41-A181-55C9DF3FA5FD}.Debug|Any CPU.ActiveCfg = Debug|Any CPU
		{24F2CF0E-3BC1-4C41-A181-55C9DF3FA5FD}.Debug|Any CPU.Build.0 = Debug|Any CPU
		{24F2CF0E-3BC1-4C41-A181-55C9DF3FA5FD}.Release|Any CPU.ActiveCfg = Release|Any CPU
		{24F2CF0E-3BC1-4C41-A181-55C9DF3FA5FD}.Release|Any CPU.Build.0 = Release|Any CPU
	EndGlobalSection
	GlobalSection(SolutionProperties) = preSolution
		HideSolutionNode = FALSE
	EndGlobalSection
	GlobalSection(ExtensibilityGlobals) = postSolution
		SolutionGuid = {E492635B-FB96-4B76-A12B-729DDDA74FE9}
	EndGlobalSection
EndGlobal
